{
	"name": "vscode-sing",
	"version": "0.40.0",
	"lockfileVersion": 1,
	"requires": true,
	"dependencies": {
		"@types/vscode": {
			"version": "1.58.1",
			"resolved": "https://registry.npmjs.org/@types/vscode/-/vscode-1.58.1.tgz",
			"integrity": "sha512-sa76rDXiSif09he8KoaWWUQxsuBr2+uND0xn1GUbEODkuEjp2p7Rqd3t5qlvklfmAedLFdL7MdnsPa57uzwcOw=="
		},
		"child_process": {
			"version": "1.0.2",
			"resolved": "https://registry.npmjs.org/child_process/-/child_process-1.0.2.tgz",
			"integrity": "sha1-sffn/HPSXn/R1FWtyU4UODAYK1o="
		},
		"fs": {
			"version": "0.0.2",
			"resolved": "https://registry.npmjs.org/fs/-/fs-0.0.2.tgz",
			"integrity": "sha1-4fJE7zkzwbKmS9R5kTYGDQ9ZFPg="
		},
		"os": {
			"version": "0.1.1",
			"resolved": "https://registry.npmjs.org/os/-/os-0.1.1.tgz",
			"integrity": "sha1-IIhF6J4ZOtTZcUdLk5R3NqVtE/M="
		}
	}
}
